
Microsoft Visual Studio Solution File, Format Version 12.00
# Visual Studio Version 17
VisualStudioVersion = 17.9.34723.18
MinimumVisualStudioVersion = 10.0.40219.1
Project("{FAE04EC0-301F-11D3-BF4B-00C04F79EFBC}") = "faturamento", "faturamento\faturamento.csproj", "{460FDA14-00FF-424E-A72F-2FE66810A7BF}"
EndProject
Global
	GlobalSection(SolutionConfigurationPlatforms) = preSolution
		Debug|Any CPU = Debug|Any CPU
		Release|Any CPU = Release|Any CPU
	EndGlobalSection
	GlobalSection(ProjectConfigurationPlatforms) = postSolution
		{460FDA14-00FF-424E-A72F-2FE66810A7BF}.Debug|Any CPU.ActiveCfg = Debug|Any CPU
		{460FDA14-00FF-424E-A72F-2FE66810A7BF}.Debug|Any CPU.Build.0 = Debug|Any CPU
		{460FDA14-00FF-424E-A72F-2FE66810A7BF}.Release|Any CPU.ActiveCfg = Release|Any CPU
		{460FDA14-00FF-424E-A72F-2FE66810A7BF}.Release|Any CPU.Build.0 = Release|Any CPU
	EndGlobalSection
	GlobalSection(SolutionProperties) = preSolution
		HideSolutionNode = FALSE
	EndGlobalSection
	GlobalSection(ExtensibilityGlobals) = postSolution
		SolutionGuid = {1FDB1555-4684-4C4D-89DF-70A437D42385}
	EndGlobalSection
EndGlobal
